
Microsoft Visual Studio Solution File, Format Version 12.00
# Visual Studio Version 17
VisualStudioVersion = 17.1.32328.378
MinimumVisualStudioVersion = 10.0.40219.1
Project("{FAE04EC0-301F-11D3-BF4B-00C04F79EFBC}") = "RenderLine_DependingOnScrWidth", "RenderLine_DependingOnScrWidth.csproj", "{8581D0EC-3780-4870-9112-43DAA226AFCC}"
EndProject
Global
	GlobalSection(SolutionConfigurationPlatforms) = preSolution
		Debug|Any CPU = Debug|Any CPU
		Release|Any CPU = Release|Any CPU
	EndGlobalSection
	GlobalSection(ProjectConfigurationPlatforms) = postSolution
		{8581D0EC-3780-4870-9112-43DAA226AFCC}.Debug|Any CPU.ActiveCfg = Debug|Any CPU
		{8581D0EC-3780-4870-9112-43DAA226AFCC}.Debug|Any CPU.Build.0 = Debug|Any CPU
		{8581D0EC-3780-4870-9112-43DAA226AFCC}.Release|Any CPU.ActiveCfg = Release|Any CPU
		{8581D0EC-3780-4870-9112-43DAA226AFCC}.Release|Any CPU.Build.0 = Release|Any CPU
	EndGlobalSection
	GlobalSection(SolutionProperties) = preSolution
		HideSolutionNode = FALSE
	EndGlobalSection
	GlobalSection(ExtensibilityGlobals) = postSolution
		SolutionGuid = {48CA532E-243B-4FC8-BB1D-40592F6AAAFA}
	EndGlobalSection
EndGlobal
